
Microsoft Visual Studio Solution File, Format Version 11.00
# Visual Studio 2010
Project("{FAE04EC0-301F-11D3-BF4B-00C04F79EFBC}") = "Assembly-CSharp", "Assembly-CSharp.csproj", "{9d3acef3-2f08-e6e4-6ba3-769b1296510a}"
EndProject
Project("{FAE04EC0-301F-11D3-BF4B-00C04F79EFBC}") = "Ultraleap.PhysicalHandsExamples.Editor", "Ultraleap.PhysicalHandsExamples.Editor.csproj", "{d1450e48-f278-0ebb-d26e-389a5d208ce5}"
EndProject
Project("{FAE04EC0-301F-11D3-BF4B-00C04F79EFBC}") = "Ultraleap.Tracking.PhysicalHandsExamples", "Ultraleap.Tracking.PhysicalHandsExamples.csproj", "{8209a155-5c2b-8b69-dd19-e842cd9b045f}"
EndProject
Global
	GlobalSection(SolutionConfigurationPlatforms) = preSolution
		Debug|Any CPU = Debug|Any CPU
	EndGlobalSection
	GlobalSection(ProjectConfigurationPlatforms) = postSolution
		{9d3acef3-2f08-e6e4-6ba3-769b1296510a}.Debug|Any CPU.ActiveCfg = Debug|Any CPU
		{9d3acef3-2f08-e6e4-6ba3-769b1296510a}.Debug|Any CPU.Build.0 = Debug|Any CPU
		{d1450e48-f278-0ebb-d26e-389a5d208ce5}.Debug|Any CPU.ActiveCfg = Debug|Any CPU
		{d1450e48-f278-0ebb-d26e-389a5d208ce5}.Debug|Any CPU.Build.0 = Debug|Any CPU
		{8209a155-5c2b-8b69-dd19-e842cd9b045f}.Debug|Any CPU.ActiveCfg = Debug|Any CPU
		{8209a155-5c2b-8b69-dd19-e842cd9b045f}.Debug|Any CPU.Build.0 = Debug|Any CPU
	EndGlobalSection
	GlobalSection(SolutionProperties) = preSolution
		HideSolutionNode = FALSE
	EndGlobalSection
EndGlobal
